
Microsoft Visual Studio Solution File, Format Version 12.00
# Visual Studio 15
VisualStudioVersion = 15.0.26124.0
MinimumVisualStudioVersion = 15.0.26124.0
Project("{9A19103F-16F7-4668-BE54-9A1E7A4F7556}") = "AngularClientIdTokenOnly", "AngularClientIdTokenOnly\AngularClientIdTokenOnly.csproj", "{E5AB8468-5F1B-45D9-92EF-782BE2875920}"
EndProject
Project("{9A19103F-16F7-4668-BE54-9A1E7A4F7556}") = "ResourceFileServer", "ResourceFileServer\ResourceFileServer.csproj", "{689B49A1-DE44-4ED6-BBCA-ADC9F5F629A4}"
EndProject
Project("{9A19103F-16F7-4668-BE54-9A1E7A4F7556}") = "ResourceServer", "ResourceServer\ResourceServer.csproj", "{54B4FBF4-BD71-410D-822B-D309E4C8B1AF}"
EndProject
Project("{9A19103F-16F7-4668-BE54-9A1E7A4F7556}") = "Scramjet.Identity", "Scramjet.Identity\Scramjet.Identity.csproj", "{E48C9817-DDCE-4A67-8DFD-C6650176E9BC}"
EndProject
Project("{9A19103F-16F7-4668-BE54-9A1E7A4F7556}") = "AngularClient", "AngularClient\AngularClient.csproj", "{AA82B4A2-B17C-4D9D-B4EC-E77306066C50}"
EndProject
Global
	GlobalSection(SolutionConfigurationPlatforms) = preSolution
		Debug|Any CPU = Debug|Any CPU
		Debug|x64 = Debug|x64
		Debug|x86 = Debug|x86
		Release|Any CPU = Release|Any CPU
		Release|x64 = Release|x64
		Release|x86 = Release|x86
	EndGlobalSection
	GlobalSection(ProjectConfigurationPlatforms) = postSolution
		{E5AB8468-5F1B-45D9-92EF-782BE2875920}.Debug|Any CPU.ActiveCfg = Debug|Any CPU
		{E5AB8468-5F1B-45D9-92EF-782BE2875920}.Debug|Any CPU.Build.0 = Debug|Any CPU
		{E5AB8468-5F1B-45D9-92EF-782BE2875920}.Debug|x64.ActiveCfg = Debug|Any CPU
		{E5AB8468-5F1B-45D9-92EF-782BE2875920}.Debug|x64.Build.0 = Debug|Any CPU
		{E5AB8468-5F1B-45D9-92EF-782BE2875920}.Debug|x86.ActiveCfg = Debug|Any CPU
		{E5AB8468-5F1B-45D9-92EF-782BE2875920}.Debug|x86.Build.0 = Debug|Any CPU
		{E5AB8468-5F1B-45D9-92EF-782BE2875920}.Release|Any CPU.ActiveCfg = Release|Any CPU
		{E5AB8468-5F1B-45D9-92EF-782BE2875920}.Release|Any CPU.Build.0 = Release|Any CPU
		{E5AB8468-5F1B-45D9-92EF-782BE2875920}.Release|x64.ActiveCfg = Release|Any CPU
		{E5AB8468-5F1B-45D9-92EF-782BE2875920}.Release|x64.Build.0 = Release|Any CPU
		{E5AB8468-5F1B-45D9-92EF-782BE2875920}.Release|x86.ActiveCfg = Release|Any CPU
		{E5AB8468-5F1B-45D9-92EF-782BE2875920}.Release|x86.Build.0 = Release|Any CPU
		{689B49A1-DE44-4ED6-BBCA-ADC9F5F629A4}.Debug|Any CPU.ActiveCfg = Debug|Any CPU
		{689B49A1-DE44-4ED6-BBCA-ADC9F5F629A4}.Debug|Any CPU.Build.0 = Debug|Any CPU
		{689B49A1-DE44-4ED6-BBCA-ADC9F5F629A4}.Debug|x64.ActiveCfg = Debug|Any CPU
		{689B49A1-DE44-4ED6-BBCA-ADC9F5F629A4}.Debug|x64.Build.0 = Debug|Any CPU
		{689B49A1-DE44-4ED6-BBCA-ADC9F5F629A4}.Debug|x86.ActiveCfg = Debug|Any CPU
		{689B49A1-DE44-4ED6-BBCA-ADC9F5F629A4}.Debug|x86.Build.0 = Debug|Any CPU
		{689B49A1-DE44-4ED6-BBCA-ADC9F5F629A4}.Release|Any CPU.ActiveCfg = Release|Any CPU
		{689B49A1-DE44-4ED6-BBCA-ADC9F5F629A4}.Release|Any CPU.Build.0 = Release|Any CPU
		{689B49A1-DE44-4ED6-BBCA-ADC9F5F629A4}.Release|x64.ActiveCfg = Release|Any CPU
		{689B49A1-DE44-4ED6-BBCA-ADC9F5F629A4}.Release|x64.Build.0 = Release|Any CPU
		{689B49A1-DE44-4ED6-BBCA-ADC9F5F629A4}.Release|x86.ActiveCfg = Release|Any CPU
		{689B49A1-DE44-4ED6-BBCA-ADC9F5F629A4}.Release|x86.Build.0 = Release|Any CPU
		{54B4FBF4-BD71-410D-822B-D309E4C8B1AF}.Debug|Any CPU.ActiveCfg = Debug|Any CPU
		{54B4FBF4-BD71-410D-822B-D309E4C8B1AF}.Debug|Any CPU.Build.0 = Debug|Any CPU
		{54B4FBF4-BD71-410D-822B-D309E4C8B1AF}.Debug|x64.ActiveCfg = Debug|Any CPU
		{54B4FBF4-BD71-410D-822B-D309E4C8B1AF}.Debug|x64.Build.0 = Debug|Any CPU
		{54B4FBF4-BD71-410D-822B-D309E4C8B1AF}.Debug|x86.ActiveCfg = Debug|Any CPU
		{54B4FBF4-BD71-410D-822B-D309E4C8B1AF}.Debug|x86.Build.0 = Debug|Any CPU
		{54B4FBF4-BD71-410D-822B-D309E4C8B1AF}.Release|Any CPU.ActiveCfg = Release|Any CPU
		{54B4FBF4-BD71-410D-822B-D309E4C8B1AF}.Release|Any CPU.Build.0 = Release|Any CPU
		{54B4FBF4-BD71-410D-822B-D309E4C8B1AF}.Release|x64.ActiveCfg = Release|Any CPU
		{54B4FBF4-BD71-410D-822B-D309E4C8B1AF}.Release|x64.Build.0 = Release|Any CPU
		{54B4FBF4-BD71-410D-822B-D309E4C8B1AF}.Release|x86.ActiveCfg = Release|Any CPU
		{54B4FBF4-BD71-410D-822B-D309E4C8B1AF}.Release|x86.Build.0 = Release|Any CPU
		{E48C9817-DDCE-4A67-8DFD-C6650176E9BC}.Debug|Any CPU.ActiveCfg = Debug|Any CPU
		{E48C9817-DDCE-4A67-8DFD-C6650176E9BC}.Debug|Any CPU.Build.0 = Debug|Any CPU
		{E48C9817-DDCE-4A67-8DFD-C6650176E9BC}.Debug|x64.ActiveCfg = Debug|Any CPU
		{E48C9817-DDCE-4A67-8DFD-C6650176E9BC}.Debug|x64.Build.0 = Debug|Any CPU
		{E48C9817-DDCE-4A67-8DFD-C6650176E9BC}.Debug|x86.ActiveCfg = Debug|Any CPU
		{E48C9817-DDCE-4A67-8DFD-C6650176E9BC}.Debug|x86.Build.0 = Debug|Any CPU
		{E48C9817-DDCE-4A67-8DFD-C6650176E9BC}.Release|Any CPU.ActiveCfg = Release|Any CPU
		{E48C9817-DDCE-4A67-8DFD-C6650176E9BC}.Release|Any CPU.Build.0 = Release|Any CPU
		{E48C9817-DDCE-4A67-8DFD-C6650176E9BC}.Release|x64.ActiveCfg = Release|Any CPU
		{E48C9817-DDCE-4A67-8DFD-C6650176E9BC}.Release|x64.Build.0 = Release|Any CPU
		{E48C9817-DDCE-4A67-8DFD-C6650176E9BC}.Release|x86.ActiveCfg = Release|Any CPU
		{E48C9817-DDCE-4A67-8DFD-C6650176E9BC}.Release|x86.Build.0 = Release|Any CPU
		{AA82B4A2-B17C-4D9D-B4EC-E77306066C50}.Debug|Any CPU.ActiveCfg = Debug|Any CPU
		{AA82B4A2-B17C-4D9D-B4EC-E77306066C50}.Debug|Any CPU.Build.0 = Debug|Any CPU
		{AA82B4A2-B17C-4D9D-B4EC-E77306066C50}.Debug|x64.ActiveCfg = Debug|Any CPU
		{AA82B4A2-B17C-4D9D-B4EC-E77306066C50}.Debug|x64.Build.0 = Debug|Any CPU
		{AA82B4A2-B17C-4D9D-B4EC-E77306066C50}.Debug|x86.ActiveCfg = Debug|Any CPU
		{AA82B4A2-B17C-4D9D-B4EC-E77306066C50}.Debug|x86.Build.0 = Debug|Any CPU
		{AA82B4A2-B17C-4D9D-B4EC-E77306066C50}.Release|Any CPU.ActiveCfg = Release|Any CPU
		{AA82B4A2-B17C-4D9D-B4EC-E77306066C50}.Release|Any CPU.Build.0 = Release|Any CPU
		{AA82B4A2-B17C-4D9D-B4EC-E77306066C50}.Release|x64.ActiveCfg = Release|Any CPU
		{AA82B4A2-B17C-4D9D-B4EC-E77306066C50}.Release|x64.Build.0 = Release|Any CPU
		{AA82B4A2-B17C-4D9D-B4EC-E77306066C50}.Release|x86.ActiveCfg = Release|Any CPU
		{AA82B4A2-B17C-4D9D-B4EC-E77306066C50}.Release|x86.Build.0 = Release|Any CPU
	EndGlobalSection
	GlobalSection(SolutionProperties) = preSolution
		HideSolutionNode = FALSE
	EndGlobalSection
	GlobalSection(ExtensibilityGlobals) = postSolution
		SolutionGuid = {F1228A1B-CEF2-496A-8302-929A3102C676}
	EndGlobalSection
EndGlobal
